// !$*UTF8*$!
{
	archiveVersion = 1;
	classes = {
	};
	objectVersion = 56;
	objects = {

/* Begin PBXBuildFile section */
		670E94DC2CAA1A5B005EE2C3 /* propertyWrapper.swift in Sources */ = {isa = PBXBuildFile; fileRef = 670E94DB2CAA1A5B005EE2C3 /* propertyWrapper.swift */; };
		674C852A2C84A2E300CBA90C /* DiningPhilosophersGame.swift in Sources */ = {isa = PBXBuildFile; fileRef = 674C85292C84A2E300CBA90C /* DiningPhilosophersGame.swift */; };
		9F0C8A992C99CFE50098E45E /* lightsProblem.storyboard in Resources */ = {isa = PBXBuildFile; fileRef = 9F0C8A982C99CFE50098E45E /* lightsProblem.storyboard */; };
		9FA129A42C9A153800968FF6 /* lightsProblemController.swift in Sources */ = {isa = PBXBuildFile; fileRef = 9FA129A32C9A153800968FF6 /* lightsProblemController.swift */; };
		9FB390E52C7F767E00A22E72 /* DiningPhilosophersController.swift in Sources */ = {isa = PBXBuildFile; fileRef = 9FB390E42C7F767E00A22E72 /* DiningPhilosophersController.swift */; };
		9FB580B82C7E84E000B0089A /* AppDelegate.swift in Sources */ = {isa = PBXBuildFile; fileRef = 9FB580B72C7E84E000B0089A /* AppDelegate.swift */; };
		9FB580BA2C7E84E000B0089A /* SceneDelegate.swift in Sources */ = {isa = PBXBuildFile; fileRef = 9FB580B92C7E84E000B0089A /* SceneDelegate.swift */; };
		9FB580BC2C7E84E000B0089A /* ViewController.swift in Sources */ = {isa = PBXBuildFile; fileRef = 9FB580BB2C7E84E000B0089A /* ViewController.swift */; };
		9FB580BF2C7E84E000B0089A /* Main.storyboard in Resources */ = {isa = PBXBuildFile; fileRef = 9FB580BD2C7E84E000B0089A /* Main.storyboard */; };
		9FB580C12C7E84E100B0089A /* Assets.xcassets in Resources */ = {isa = PBXBuildFile; fileRef = 9FB580C02C7E84E100B0089A /* Assets.xcassets */; };
		9FB580C42C7E84E200B0089A /* LaunchScreen.storyboard in Resources */ = {isa = PBXBuildFile; fileRef = 9FB580C22C7E84E200B0089A /* LaunchScreen.storyboard */; };
		9FB580CF2C7E84E200B0089A /* threadsProblemsTests.swift in Sources */ = {isa = PBXBuildFile; fileRef = 9FB580CE2C7E84E200B0089A /* threadsProblemsTests.swift */; };
		9FB580D92C7E84E200B0089A /* threadsProblemsUITests.swift in Sources */ = {isa = PBXBuildFile; fileRef = 9FB580D82C7E84E200B0089A /* threadsProblemsUITests.swift */; };
		9FB580DB2C7E84E200B0089A /* threadsProblemsUITestsLaunchTests.swift in Sources */ = {isa = PBXBuildFile; fileRef = 9FB580DA2C7E84E200B0089A /* threadsProblemsUITestsLaunchTests.swift */; };
		9FB580EA2C7E8D0F00B0089A /* testController.swift in Sources */ = {isa = PBXBuildFile; fileRef = 9FB580E92C7E8D0F00B0089A /* testController.swift */; };
		9FB580EC2C7E934C00B0089A /* MasterController.swift in Sources */ = {isa = PBXBuildFile; fileRef = 9FB580EB2C7E934C00B0089A /* MasterController.swift */; };
		9FBD5B522C8734490035F087 /* HolaProblem.swift in Sources */ = {isa = PBXBuildFile; fileRef = 9FBD5B512C8734490035F087 /* HolaProblem.swift */; };
		9FBD5B542C873E8F0035F087 /* stringExtencion.swift in Sources */ = {isa = PBXBuildFile; fileRef = 9FBD5B532C873E8F0035F087 /* stringExtencion.swift */; };
		9FC69D9E2CA5A181001B4964 /* bankProblem.swift in Sources */ = {isa = PBXBuildFile; fileRef = 9FC69D9D2CA5A181001B4964 /* bankProblem.swift */; };
		9FC69DA02CA5A435001B4964 /* bankProblemConditionLockController.swift in Sources */ = {isa = PBXBuildFile; fileRef = 9FC69D9F2CA5A435001B4964 /* bankProblemConditionLockController.swift */; };
		9FE8AE7F2CADA0E40081DD80 /* MasterControllerEntity.swift in Sources */ = {isa = PBXBuildFile; fileRef = 9FE8AE7E2CADA0E40081DD80 /* MasterControllerEntity.swift */; };
		9FE8AE832CADBA810081DD80 /* ConditionLockExampleController.swift in Sources */ = {isa = PBXBuildFile; fileRef = 9FE8AE822CADBA810081DD80 /* ConditionLockExampleController.swift */; };
		9FE8AE852CADBF120081DD80 /* HolaConditionLock.swift in Sources */ = {isa = PBXBuildFile; fileRef = 9FE8AE842CADBF120081DD80 /* HolaConditionLock.swift */; };
/* End PBXBuildFile section */

/* Begin PBXContainerItemProxy section */
		9FB580CB2C7E84E200B0089A /* PBXContainerItemProxy */ = {
			isa = PBXContainerItemProxy;
			containerPortal = 9FB580AC2C7E84E000B0089A /* Project object */;
			proxyType = 1;
			remoteGlobalIDString = 9FB580B32C7E84E000B0089A;
			remoteInfo = threadsProblems;
		};
		9FB580D52C7E84E200B0089A /* PBXContainerItemProxy */ = {
			isa = PBXContainerItemProxy;
			containerPortal = 9FB580AC2C7E84E000B0089A /* Project object */;
			proxyType = 1;
			remoteGlobalIDString = 9FB580B32C7E84E000B0089A;
			remoteInfo = threadsProblems;
		};
/* End PBXContainerItemProxy section */

/* Begin PBXFileReference section */
		670E94DB2CAA1A5B005EE2C3 /* propertyWrapper.swift */ = {isa = PBXFileReference; lastKnownFileType = sourcecode.swift; path = propertyWrapper.swift; sourceTree = "<group>"; };
		674C85292C84A2E300CBA90C /* DiningPhilosophersGame.swift */ = {isa = PBXFileReference; lastKnownFileType = sourcecode.swift; path = DiningPhilosophersGame.swift; sourceTree = "<group>"; };
		9F0C8A982C99CFE50098E45E /* lightsProblem.storyboard */ = {isa = PBXFileReference; lastKnownFileType = file.storyboard; path = lightsProblem.storyboard; sourceTree = "<group>"; };
		9FA129A32C9A153800968FF6 /* lightsProblemController.swift */ = {isa = PBXFileReference; lastKnownFileType = sourcecode.swift; path = lightsProblemController.swift; sourceTree = "<group>"; };
		9FB390E42C7F767E00A22E72 /* DiningPhilosophersController.swift */ = {isa = PBXFileReference; lastKnownFileType = sourcecode.swift; path = DiningPhilosophersController.swift; sourceTree = "<group>"; };
		9FB580B42C7E84E000B0089A /* threadsProblems.app */ = {isa = PBXFileReference; explicitFileType = wrapper.application; includeInIndex = 0; path = threadsProblems.app; sourceTree = BUILT_PRODUCTS_DIR; };
		9FB580B72C7E84E000B0089A /* AppDelegate.swift */ = {isa = PBXFileReference; lastKnownFileType = sourcecode.swift; path = AppDelegate.swift; sourceTree = "<group>"; };
		9FB580B92C7E84E000B0089A /* SceneDelegate.swift */ = {isa = PBXFileReference; lastKnownFileType = sourcecode.swift; path = SceneDelegate.swift; sourceTree = "<group>"; };
		9FB580BB2C7E84E000B0089A /* ViewController.swift */ = {isa = PBXFileReference; lastKnownFileType = sourcecode.swift; path = ViewController.swift; sourceTree = "<group>"; };
		9FB580BE2C7E84E000B0089A /* Base */ = {isa = PBXFileReference; lastKnownFileType = file.storyboard; name = Base; path = Base.lproj/Main.storyboard; sourceTree = "<group>"; };
		9FB580C02C7E84E100B0089A /* Assets.xcassets */ = {isa = PBXFileReference; lastKnownFileType = folder.assetcatalog; path = Assets.xcassets; sourceTree = "<group>"; };
		9FB580C32C7E84E200B0089A /* Base */ = {isa = PBXFileReference; lastKnownFileType = file.storyboard; name = Base; path = Base.lproj/LaunchScreen.storyboard; sourceTree = "<group>"; };
		9FB580C52C7E84E200B0089A /* Info.plist */ = {isa = PBXFileReference; lastKnownFileType = text.plist.xml; path = Info.plist; sourceTree = "<group>"; };
		9FB580CA2C7E84E200B0089A /* threadsProblemsTests.xctest */ = {isa = PBXFileReference; explicitFileType = wrapper.cfbundle; includeInIndex = 0; path = threadsProblemsTests.xctest; sourceTree = BUILT_PRODUCTS_DIR; };
		9FB580CE2C7E84E200B0089A /* threadsProblemsTests.swift */ = {isa = PBXFileReference; lastKnownFileType = sourcecode.swift; path = threadsProblemsTests.swift; sourceTree = "<group>"; };
		9FB580D42C7E84E200B0089A /* threadsProblemsUITests.xctest */ = {isa = PBXFileReference; explicitFileType = wrapper.cfbundle; includeInIndex = 0; path = threadsProblemsUITests.xctest; sourceTree = BUILT_PRODUCTS_DIR; };
		9FB580D82C7E84E200B0089A /* threadsProblemsUITests.swift */ = {isa = PBXFileReference; lastKnownFileType = sourcecode.swift; path = threadsProblemsUITests.swift; sourceTree = "<group>"; };
		9FB580DA2C7E84E200B0089A /* threadsProblemsUITestsLaunchTests.swift */ = {isa = PBXFileReference; lastKnownFileType = sourcecode.swift; path = threadsProblemsUITestsLaunchTests.swift; sourceTree = "<group>"; };
		9FB580E92C7E8D0F00B0089A /* testController.swift */ = {isa = PBXFileReference; lastKnownFileType = sourcecode.swift; path = testController.swift; sourceTree = "<group>"; };
		9FB580EB2C7E934C00B0089A /* MasterController.swift */ = {isa = PBXFileReference; lastKnownFileType = sourcecode.swift; path = MasterController.swift; sourceTree = "<group>"; };
		9FBD5B512C8734490035F087 /* HolaProblem.swift */ = {isa = PBXFileReference; lastKnownFileType = sourcecode.swift; path = HolaProblem.swift; sourceTree = "<group>"; };
		9FBD5B532C873E8F0035F087 /* stringExtencion.swift */ = {isa = PBXFileReference; lastKnownFileType = sourcecode.swift; path = stringExtencion.swift; sourceTree = "<group>"; };
		9FC69D9D2CA5A181001B4964 /* bankProblem.swift */ = {isa = PBXFileReference; lastKnownFileType = sourcecode.swift; path = bankProblem.swift; sourceTree = "<group>"; };
		9FC69D9F2CA5A435001B4964 /* bankProblemConditionLockController.swift */ = {isa = PBXFileReference; lastKnownFileType = sourcecode.swift; path = bankProblemConditionLockController.swift; sourceTree = "<group>"; };
		9FE8AE7E2CADA0E40081DD80 /* MasterControllerEntity.swift */ = {isa = PBXFileReference; lastKnownFileType = sourcecode.swift; path = MasterControllerEntity.swift; sourceTree = "<group>"; };
		9FE8AE822CADBA810081DD80 /* ConditionLockExampleController.swift */ = {isa = PBXFileReference; lastKnownFileType = sourcecode.swift; path = ConditionLockExampleController.swift; sourceTree = "<group>"; };
		9FE8AE842CADBF120081DD80 /* HolaConditionLock.swift */ = {isa = PBXFileReference; lastKnownFileType = sourcecode.swift; path = HolaConditionLock.swift; sourceTree = "<group>"; };
/* End PBXFileReference section */

/* Begin PBXFrameworksBuildPhase section */
		9FB580B12C7E84E000B0089A /* Frameworks */ = {
			isa = PBXFrameworksBuildPhase;
			buildActionMask = 2147483647;
			files = (
			);
			runOnlyForDeploymentPostprocessing = 0;
		};
		9FB580C72C7E84E200B0089A /* Frameworks */ = {
			isa = PBXFrameworksBuildPhase;
			buildActionMask = 2147483647;
			files = (
			);
			runOnlyForDeploymentPostprocessing = 0;
		};
		9FB580D12C7E84E200B0089A /* Frameworks */ = {
			isa = PBXFrameworksBuildPhase;
			buildActionMask = 2147483647;
			files = (
			);
			runOnlyForDeploymentPostprocessing = 0;
		};
/* End PBXFrameworksBuildPhase section */

/* Begin PBXGroup section */
		9F0C8A932C99C85A0098E45E /* custom View Problems */ = {
			isa = PBXGroup;
			children = (
				9FC69D9B2CA5A153001B4964 /* lightsProblem */,
			);
			path = "custom View Problems";
			sourceTree = "<group>";
		};
		9FB390E32C7F74F800A22E72 /* DiningPhilosophersGame */ = {
			isa = PBXGroup;
			children = (
				9FB390E42C7F767E00A22E72 /* DiningPhilosophersController.swift */,
				674C85292C84A2E300CBA90C /* DiningPhilosophersGame.swift */,
			);
			path = DiningPhilosophersGame;
			sourceTree = "<group>";
		};
		9FB580AB2C7E84E000B0089A = {
			isa = PBXGroup;
			children = (
				9FB580B62C7E84E000B0089A /* threadsProblems */,
				9FB580CD2C7E84E200B0089A /* threadsProblemsTests */,
				9FB580D72C7E84E200B0089A /* threadsProblemsUITests */,
				9FB580B52C7E84E000B0089A /* Products */,
			);
			sourceTree = "<group>";
		};
		9FB580B52C7E84E000B0089A /* Products */ = {
			isa = PBXGroup;
			children = (
				9FB580B42C7E84E000B0089A /* threadsProblems.app */,
				9FB580CA2C7E84E200B0089A /* threadsProblemsTests.xctest */,
				9FB580D42C7E84E200B0089A /* threadsProblemsUITests.xctest */,
			);
			name = Products;
			sourceTree = "<group>";
		};
		9FB580B62C7E84E000B0089A /* threadsProblems */ = {
			isa = PBXGroup;
			children = (
				9FB580ED2C7E94A300B0089A /* App Delegates */,
				9FE8AE802CADA1260081DD80 /* extencions */,
				9FE8AE7E2CADA0E40081DD80 /* MasterControllerEntity.swift */,
				9FB580EB2C7E934C00B0089A /* MasterController.swift */,
				9FB580EF2C7E94E900B0089A /* Controllers */,
				9F0C8A932C99C85A0098E45E /* custom View Problems */,
				9FB580C02C7E84E100B0089A /* Assets.xcassets */,
				9FB580C22C7E84E200B0089A /* LaunchScreen.storyboard */,
				9FB580C52C7E84E200B0089A /* Info.plist */,
			);
			path = threadsProblems;
			sourceTree = "<group>";
		};
		9FB580CD2C7E84E200B0089A /* threadsProblemsTests */ = {
			isa = PBXGroup;
			children = (
				9FB580CE2C7E84E200B0089A /* threadsProblemsTests.swift */,
			);
			path = threadsProblemsTests;
			sourceTree = "<group>";
		};
		9FB580D72C7E84E200B0089A /* threadsProblemsUITests */ = {
			isa = PBXGroup;
			children = (
				9FB580D82C7E84E200B0089A /* threadsProblemsUITests.swift */,
				9FB580DA2C7E84E200B0089A /* threadsProblemsUITestsLaunchTests.swift */,
			);
			path = threadsProblemsUITests;
			sourceTree = "<group>";
		};
		9FB580ED2C7E94A300B0089A /* App Delegates */ = {
			isa = PBXGroup;
			children = (
				9FB580EE2C7E94D800B0089A /* Main View */,
				9FB580B72C7E84E000B0089A /* AppDelegate.swift */,
				9FB580B92C7E84E000B0089A /* SceneDelegate.swift */,
			);
			path = "App Delegates";
			sourceTree = "<group>";
		};
		9FB580EE2C7E94D800B0089A /* Main View */ = {
			isa = PBXGroup;
			children = (
				9FB580BB2C7E84E000B0089A /* ViewController.swift */,
				9FB580BD2C7E84E000B0089A /* Main.storyboard */,
			);
			path = "Main View";
			sourceTree = "<group>";
		};
		9FB580EF2C7E94E900B0089A /* Controllers */ = {
			isa = PBXGroup;
			children = (
				9FE8AE812CADBA650081DD80 /* conditional locks */,
				9FC69D9C2CA5A160001B4964 /* banck Problem */,
				9FBD5B502C87343A0035F087 /* holaProblem */,
				9FB390E32C7F74F800A22E72 /* DiningPhilosophersGame */,
				9FB580F02C7E94F800B0089A /* testController */,
			);
			path = Controllers;
			sourceTree = "<group>";
		};
		9FB580F02C7E94F800B0089A /* testController */ = {
			isa = PBXGroup;
			children = (
				9FB580E92C7E8D0F00B0089A /* testController.swift */,
			);
			path = testController;
			sourceTree = "<group>";
		};
		9FBD5B502C87343A0035F087 /* holaProblem */ = {
			isa = PBXGroup;
			children = (
				9FBD5B512C8734490035F087 /* HolaProblem.swift */,
			);
			path = holaProblem;
			sourceTree = "<group>";
		};
		9FC69D9B2CA5A153001B4964 /* lightsProblem */ = {
			isa = PBXGroup;
			children = (
				9F0C8A982C99CFE50098E45E /* lightsProblem.storyboard */,
				9FA129A32C9A153800968FF6 /* lightsProblemController.swift */,
			);
			path = lightsProblem;
			sourceTree = "<group>";
		};
		9FC69D9C2CA5A160001B4964 /* banck Problem */ = {
			isa = PBXGroup;
			children = (
				9FC69D9D2CA5A181001B4964 /* bankProblem.swift */,
			);
			path = "banck Problem";
			sourceTree = "<group>";
		};
		9FE8AE802CADA1260081DD80 /* extencions */ = {
			isa = PBXGroup;
			children = (
				9FBD5B532C873E8F0035F087 /* stringExtencion.swift */,
				670E94DB2CAA1A5B005EE2C3 /* propertyWrapper.swift */,
			);
			path = extencions;
			sourceTree = "<group>";
		};
		9FE8AE812CADBA650081DD80 /* conditional locks */ = {
			isa = PBXGroup;
			children = (
				9FC69D9F2CA5A435001B4964 /* bankProblemConditionLockController.swift */,
				9FE8AE822CADBA810081DD80 /* ConditionLockExampleController.swift */,
				9FE8AE842CADBF120081DD80 /* HolaConditionLock.swift */,
			);
			path = "conditional locks";
			sourceTree = "<group>";
		};
/* End PBXGroup section */

/* Begin PBXNativeTarget section */
		9FB580B32C7E84E000B0089A /* threadsProblems */ = {
			isa = PBXNativeTarget;
			buildConfigurationList = 9FB580DE2C7E84E200B0089A /* Build configuration list for PBXNativeTarget "threadsProblems" */;
			buildPhases = (
				9FB580B02C7E84E000B0089A /* Sources */,
				9FB580B12C7E84E000B0089A /* Frameworks */,
				9FB580B22C7E84E000B0089A /* Resources */,
			);
			buildRules = (
			);
			dependencies = (
			);
			name = threadsProblems;
			productName = threadsProblems;
			productReference = 9FB580B42C7E84E000B0089A /* threadsProblems.app */;
			productType = "com.apple.product-type.application";
		};
		9FB580C92C7E84E200B0089A /* threadsProblemsTests */ = {
			isa = PBXNativeTarget;
			buildConfigurationList = 9FB580E12C7E84E200B0089A /* Build configuration list for PBXNativeTarget "threadsProblemsTests" */;
			buildPhases = (
				9FB580C62C7E84E200B0089A /* Sources */,
				9FB580C72C7E84E200B0089A /* Frameworks */,
				9FB580C82C7E84E200B0089A /* Resources */,
			);
			buildRules = (
			);
			dependencies = (
				9FB580CC2C7E84E200B0089A /* PBXTargetDependency */,
			);
			name = threadsProblemsTests;
			productName = threadsProblemsTests;
			productReference = 9FB580CA2C7E84E200B0089A /* threadsProblemsTests.xctest */;
			productType = "com.apple.product-type.bundle.unit-test";
		};
		9FB580D32C7E84E200B0089A /* threadsProblemsUITests */ = {
			isa = PBXNativeTarget;
			buildConfigurationList = 9FB580E42C7E84E200B0089A /* Build configuration list for PBXNativeTarget "threadsProblemsUITests" */;
			buildPhases = (
				9FB580D02C7E84E200B0089A /* Sources */,
				9FB580D12C7E84E200B0089A /* Frameworks */,
				9FB580D22C7E84E200B0089A /* Resources */,
			);
			buildRules = (
			);
			dependencies = (
				9FB580D62C7E84E200B0089A /* PBXTargetDependency */,
			);
			name = threadsProblemsUITests;
			productName = threadsProblemsUITests;
			productReference = 9FB580D42C7E84E200B0089A /* threadsProblemsUITests.xctest */;
			productType = "com.apple.product-type.bundle.ui-testing";
		};
/* End PBXNativeTarget section */

/* Begin PBXProject section */
		9FB580AC2C7E84E000B0089A /* Project object */ = {
			isa = PBXProject;
			attributes = {
				BuildIndependentTargetsInParallel = 1;
				LastSwiftUpdateCheck = 1520;
				LastUpgradeCheck = 1520;
				TargetAttributes = {
					9FB580B32C7E84E000B0089A = {
						CreatedOnToolsVersion = 15.2;
					};
					9FB580C92C7E84E200B0089A = {
						CreatedOnToolsVersion = 15.2;
						TestTargetID = 9FB580B32C7E84E000B0089A;
					};
					9FB580D32C7E84E200B0089A = {
						CreatedOnToolsVersion = 15.2;
						TestTargetID = 9FB580B32C7E84E000B0089A;
					};
				};
			};
			buildConfigurationList = 9FB580AF2C7E84E000B0089A /* Build configuration list for PBXProject "threadsProblems" */;
			compatibilityVersion = "Xcode 14.0";
			developmentRegion = en;
			hasScannedForEncodings = 0;
			knownRegions = (
				en,
				Base,
			);
			mainGroup = 9FB580AB2C7E84E000B0089A;
			productRefGroup = 9FB580B52C7E84E000B0089A /* Products */;
			projectDirPath = "";
			projectRoot = "";
			targets = (
				9FB580B32C7E84E000B0089A /* threadsProblems */,
				9FB580C92C7E84E200B0089A /* threadsProblemsTests */,
				9FB580D32C7E84E200B0089A /* threadsProblemsUITests */,
			);
		};
/* End PBXProject section */

/* Begin PBXResourcesBuildPhase section */
		9FB580B22C7E84E000B0089A /* Resources */ = {
			isa = PBXResourcesBuildPhase;
			buildActionMask = 2147483647;
			files = (
				9FB580C42C7E84E200B0089A /* LaunchScreen.storyboard in Resources */,
				9FB580C12C7E84E100B0089A /* Assets.xcassets in Resources */,
				9FB580BF2C7E84E000B0089A /* Main.storyboard in Resources */,
				9F0C8A992C99CFE50098E45E /* lightsProblem.storyboard in Resources */,
			);
			runOnlyForDeploymentPostprocessing = 0;
		};
		9FB580C82C7E84E200B0089A /* Resources */ = {
			isa = PBXResourcesBuildPhase;
			buildActionMask = 2147483647;
			files = (
			);
			runOnlyForDeploymentPostprocessing = 0;
		};
		9FB580D22C7E84E200B0089A /* Resources */ = {
			isa = PBXResourcesBuildPhase;
			buildActionMask = 2147483647;
			files = (
			);
			runOnlyForDeploymentPostprocessing = 0;
		};
/* End PBXResourcesBuildPhase section */

/* Begin PBXSourcesBuildPhase section */
		9FB580B02C7E84E000B0089A /* Sources */ = {
			isa = PBXSourcesBuildPhase;
			buildActionMask = 2147483647;
			files = (
				9FB580EC2C7E934C00B0089A /* MasterController.swift in Sources */,
				9FBD5B522C8734490035F087 /* HolaProblem.swift in Sources */,
				9FBD5B542C873E8F0035F087 /* stringExtencion.swift in Sources */,
				9FC69D9E2CA5A181001B4964 /* bankProblem.swift in Sources */,
				9FC69DA02CA5A435001B4964 /* bankProblemConditionLockController.swift in Sources */,
				9FB580BC2C7E84E000B0089A /* ViewController.swift in Sources */,
				9FE8AE852CADBF120081DD80 /* HolaConditionLock.swift in Sources */,
				9FE8AE832CADBA810081DD80 /* ConditionLockExampleController.swift in Sources */,
				9FB580B82C7E84E000B0089A /* AppDelegate.swift in Sources */,
				9FB580EA2C7E8D0F00B0089A /* testController.swift in Sources */,
				9FA129A42C9A153800968FF6 /* lightsProblemController.swift in Sources */,
				9FB390E52C7F767E00A22E72 /* DiningPhilosophersController.swift in Sources */,
				9FB580BA2C7E84E000B0089A /* SceneDelegate.swift in Sources */,
				670E94DC2CAA1A5B005EE2C3 /* propertyWrapper.swift in Sources */,
				674C852A2C84A2E300CBA90C /* DiningPhilosophersGame.swift in Sources */,
				9FE8AE7F2CADA0E40081DD80 /* MasterControllerEntity.swift in Sources */,
			);
			runOnlyForDeploymentPostprocessing = 0;
		};
		9FB580C62C7E84E200B0089A /* Sources */ = {
			isa = PBXSourcesBuildPhase;
			buildActionMask = 2147483647;
			files = (
				9FB580CF2C7E84E200B0089A /* threadsProblemsTests.swift in Sources */,
			);
			runOnlyForDeploymentPostprocessing = 0;
		};
		9FB580D02C7E84E200B0089A /* Sources */ = {
			isa = PBXSourcesBuildPhase;
			buildActionMask = 2147483647;
			files = (
				9FB580DB2C7E84E200B0089A /* threadsProblemsUITestsLaunchTests.swift in Sources */,
				9FB580D92C7E84E200B0089A /* threadsProblemsUITests.swift in Sources */,
			);
			runOnlyForDeploymentPostprocessing = 0;
		};
/* End PBXSourcesBuildPhase section */

/* Begin PBXTargetDependency section */
		9FB580CC2C7E84E200B0089A /* PBXTargetDependency */ = {
			isa = PBXTargetDependency;
			target = 9FB580B32C7E84E000B0089A /* threadsProblems */;
			targetProxy = 9FB580CB2C7E84E200B0089A /* PBXContainerItemProxy */;
		};
		9FB580D62C7E84E200B0089A /* PBXTargetDependency */ = {
			isa = PBXTargetDependency;
			target = 9FB580B32C7E84E000B0089A /* threadsProblems */;
			targetProxy = 9FB580D52C7E84E200B0089A /* PBXContainerItemProxy */;
		};
/* End PBXTargetDependency section */

/* Begin PBXVariantGroup section */
		9FB580BD2C7E84E000B0089A /* Main.storyboard */ = {
			isa = PBXVariantGroup;
			children = (
				9FB580BE2C7E84E000B0089A /* Base */,
			);
			name = Main.storyboard;
			sourceTree = "<group>";
		};
		9FB580C22C7E84E200B0089A /* LaunchScreen.storyboard */ = {
			isa = PBXVariantGroup;
			children = (
				9FB580C32C7E84E200B0089A /* Base */,
			);
			name = LaunchScreen.storyboard;
			sourceTree = "<group>";
		};
/* End PBXVariantGroup section */

/* Begin XCBuildConfiguration section */
		9FB580DC2C7E84E200B0089A /* Debug */ = {
			isa = XCBuildConfiguration;
			buildSettings = {
				ALWAYS_SEARCH_USER_PATHS = NO;
				ASSETCATALOG_COMPILER_GENERATE_SWIFT_ASSET_SYMBOL_EXTENSIONS = YES;
				CLANG_ANALYZER_NONNULL = YES;
				CLANG_ANALYZER_NUMBER_OBJECT_CONVERSION = YES_AGGRESSIVE;
				CLANG_CXX_LANGUAGE_STANDARD = "gnu++20";
				CLANG_ENABLE_MODULES = YES;
				CLANG_ENABLE_OBJC_ARC = YES;
				CLANG_ENABLE_OBJC_WEAK = YES;
				CLANG_WARN_BLOCK_CAPTURE_AUTORELEASING = YES;
				CLANG_WARN_BOOL_CONVERSION = YES;
				CLANG_WARN_COMMA = YES;
				CLANG_WARN_CONSTANT_CONVERSION = YES;
				CLANG_WARN_DEPRECATED_OBJC_IMPLEMENTATIONS = YES;
				CLANG_WARN_DIRECT_OBJC_ISA_USAGE = YES_ERROR;
				CLANG_WARN_DOCUMENTATION_COMMENTS = YES;
				CLANG_WARN_EMPTY_BODY = YES;
				CLANG_WARN_ENUM_CONVERSION = YES;
				CLANG_WARN_INFINITE_RECURSION = YES;
				CLANG_WARN_INT_CONVERSION = YES;
				CLANG_WARN_NON_LITERAL_NULL_CONVERSION = YES;
				CLANG_WARN_OBJC_IMPLICIT_RETAIN_SELF = YES;
				CLANG_WARN_OBJC_LITERAL_CONVERSION = YES;
				CLANG_WARN_OBJC_ROOT_CLASS = YES_ERROR;
				CLANG_WARN_QUOTED_INCLUDE_IN_FRAMEWORK_HEADER = YES;
				CLANG_WARN_RANGE_LOOP_ANALYSIS = YES;
				CLANG_WARN_STRICT_PROTOTYPES = YES;
				CLANG_WARN_SUSPICIOUS_MOVE = YES;
				CLANG_WARN_UNGUARDED_AVAILABILITY = YES_AGGRESSIVE;
				CLANG_WARN_UNREACHABLE_CODE = YES;
				CLANG_WARN__DUPLICATE_METHOD_MATCH = YES;
				COPY_PHASE_STRIP = NO;
				DEBUG_INFORMATION_FORMAT = dwarf;
				ENABLE_STRICT_OBJC_MSGSEND = YES;
				ENABLE_TESTABILITY = YES;
				ENABLE_USER_SCRIPT_SANDBOXING = YES;
				GCC_C_LANGUAGE_STANDARD = gnu17;
				GCC_DYNAMIC_NO_PIC = NO;
				GCC_NO_COMMON_BLOCKS = YES;
				GCC_OPTIMIZATION_LEVEL = 0;
				GCC_PREPROCESSOR_DEFINITIONS = (
					"DEBUG=1",
					"$(inherited)",
				);
				GCC_WARN_64_TO_32_BIT_CONVERSION = YES;
				GCC_WARN_ABOUT_RETURN_TYPE = YES_ERROR;
				GCC_WARN_UNDECLARED_SELECTOR = YES;
				GCC_WARN_UNINITIALIZED_AUTOS = YES_AGGRESSIVE;
				GCC_WARN_UNUSED_FUNCTION = YES;
				GCC_WARN_UNUSED_VARIABLE = YES;
				IPHONEOS_DEPLOYMENT_TARGET = 17.2;
				LOCALIZATION_PREFERS_STRING_CATALOGS = YES;
				MTL_ENABLE_DEBUG_INFO = INCLUDE_SOURCE;
				MTL_FAST_MATH = YES;
				ONLY_ACTIVE_ARCH = YES;
				SDKROOT = iphoneos;
				SWIFT_ACTIVE_COMPILATION_CONDITIONS = "DEBUG $(inherited)";
				SWIFT_OPTIMIZATION_LEVEL = "-Onone";
			};
			name = Debug;
		};
		9FB580DD2C7E84E200B0089A /* Release */ = {
			isa = XCBuildConfiguration;
			buildSettings = {
				ALWAYS_SEARCH_USER_PATHS = NO;
				ASSETCATALOG_COMPILER_GENERATE_SWIFT_ASSET_SYMBOL_EXTENSIONS = YES;
				CLANG_ANALYZER_NONNULL = YES;
				CLANG_ANALYZER_NUMBER_OBJECT_CONVERSION = YES_AGGRESSIVE;
				CLANG_CXX_LANGUAGE_STANDARD = "gnu++20";
				CLANG_ENABLE_MODULES = YES;
				CLANG_ENABLE_OBJC_ARC = YES;
				CLANG_ENABLE_OBJC_WEAK = YES;
				CLANG_WARN_BLOCK_CAPTURE_AUTORELEASING = YES;
				CLANG_WARN_BOOL_CONVERSION = YES;
				CLANG_WARN_COMMA = YES;
				CLANG_WARN_CONSTANT_CONVERSION = YES;
				CLANG_WARN_DEPRECATED_OBJC_IMPLEMENTATIONS = YES;
				CLANG_WARN_DIRECT_OBJC_ISA_USAGE = YES_ERROR;
				CLANG_WARN_DOCUMENTATION_COMMENTS = YES;
				CLANG_WARN_EMPTY_BODY = YES;
				CLANG_WARN_ENUM_CONVERSION = YES;
				CLANG_WARN_INFINITE_RECURSION = YES;
				CLANG_WARN_INT_CONVERSION = YES;
				CLANG_WARN_NON_LITERAL_NULL_CONVERSION = YES;
				CLANG_WARN_OBJC_IMPLICIT_RETAIN_SELF = YES;
				CLANG_WARN_OBJC_LITERAL_CONVERSION = YES;
				CLANG_WARN_OBJC_ROOT_CLASS = YES_ERROR;
				CLANG_WARN_QUOTED_INCLUDE_IN_FRAMEWORK_HEADER = YES;
				CLANG_WARN_RANGE_LOOP_ANALYSIS = YES;
				CLANG_WARN_STRICT_PROTOTYPES = YES;
				CLANG_WARN_SUSPICIOUS_MOVE = YES;
				CLANG_WARN_UNGUARDED_AVAILABILITY = YES_AGGRESSIVE;
				CLANG_WARN_UNREACHABLE_CODE = YES;
				CLANG_WARN__DUPLICATE_METHOD_MATCH = YES;
				COPY_PHASE_STRIP = NO;
				DEBUG_INFORMATION_FORMAT = "dwarf-with-dsym";
				ENABLE_NS_ASSERTIONS = NO;
				ENABLE_STRICT_OBJC_MSGSEND = YES;
				ENABLE_USER_SCRIPT_SANDBOXING = YES;
				GCC_C_LANGUAGE_STANDARD = gnu17;
				GCC_NO_COMMON_BLOCKS = YES;
				GCC_WARN_64_TO_32_BIT_CONVERSION = YES;
				GCC_WARN_ABOUT_RETURN_TYPE = YES_ERROR;
				GCC_WARN_UNDECLARED_SELECTOR = YES;
				GCC_WARN_UNINITIALIZED_AUTOS = YES_AGGRESSIVE;
				GCC_WARN_UNUSED_FUNCTION = YES;
				GCC_WARN_UNUSED_VARIABLE = YES;
				IPHONEOS_DEPLOYMENT_TARGET = 17.2;
				LOCALIZATION_PREFERS_STRING_CATALOGS = YES;
				MTL_ENABLE_DEBUG_INFO = NO;
				MTL_FAST_MATH = YES;
				SDKROOT = iphoneos;
				SWIFT_COMPILATION_MODE = wholemodule;
				VALIDATE_PRODUCT = YES;
			};
			name = Release;
		};
		9FB580DF2C7E84E200B0089A /* Debug */ = {
			isa = XCBuildConfiguration;
			buildSettings = {
				ASSETCATALOG_COMPILER_APPICON_NAME = AppIcon;
				ASSETCATALOG_COMPILER_GLOBAL_ACCENT_COLOR_NAME = AccentColor;
				CODE_SIGN_STYLE = Automatic;
				CURRENT_PROJECT_VERSION = 1;
				GENERATE_INFOPLIST_FILE = YES;
				INFOPLIST_FILE = threadsProblems/Info.plist;
				INFOPLIST_KEY_UIApplicationSupportsIndirectInputEvents = YES;
				INFOPLIST_KEY_UILaunchStoryboardName = LaunchScreen;
				INFOPLIST_KEY_UIMainStoryboardFile = Main;
				INFOPLIST_KEY_UISupportedInterfaceOrientations_iPad = "UIInterfaceOrientationPortrait UIInterfaceOrientationPortraitUpsideDown UIInterfaceOrientationLandscapeLeft UIInterfaceOrientationLandscapeRight";
				INFOPLIST_KEY_UISupportedInterfaceOrientations_iPhone = "UIInterfaceOrientationPortrait UIInterfaceOrientationLandscapeLeft UIInterfaceOrientationLandscapeRight";
				LD_RUNPATH_SEARCH_PATHS = (
					"$(inherited)",
					"@executable_path/Frameworks",
				);
				MARKETING_VERSION = 1.0;
				PRODUCT_BUNDLE_IDENTIFIER = com.emm.threadsProblems;
				PRODUCT_NAME = "$(TARGET_NAME)";
				SWIFT_EMIT_LOC_STRINGS = YES;
				SWIFT_VERSION = 5.0;
				TARGETED_DEVICE_FAMILY = "1,2";
			};
			name = Debug;
		};
		9FB580E02C7E84E200B0089A /* Release */ = {
			isa = XCBuildConfiguration;
			buildSettings = {
				ASSETCATALOG_COMPILER_APPICON_NAME = AppIcon;
				ASSETCATALOG_COMPILER_GLOBAL_ACCENT_COLOR_NAME = AccentColor;
				CODE_SIGN_STYLE = Automatic;
				CURRENT_PROJECT_VERSION = 1;
				GENERATE_INFOPLIST_FILE = YES;
				INFOPLIST_FILE = threadsProblems/Info.plist;
				INFOPLIST_KEY_UIApplicationSupportsIndirectInputEvents = YES;
				INFOPLIST_KEY_UILaunchStoryboardName = LaunchScreen;
				INFOPLIST_KEY_UIMainStoryboardFile = Main;
				INFOPLIST_KEY_UISupportedInterfaceOrientations_iPad = "UIInterfaceOrientationPortrait UIInterfaceOrientationPortraitUpsideDown UIInterfaceOrientationLandscapeLeft UIInterfaceOrientationLandscapeRight";
				INFOPLIST_KEY_UISupportedInterfaceOrientations_iPhone = "UIInterfaceOrientationPortrait UIInterfaceOrientationLandscapeLeft UIInterfaceOrientationLandscapeRight";
				LD_RUNPATH_SEARCH_PATHS = (
					"$(inherited)",
					"@executable_path/Frameworks",
				);
				MARKETING_VERSION = 1.0;
				PRODUCT_BUNDLE_IDENTIFIER = com.emm.threadsProblems;
				PRODUCT_NAME = "$(TARGET_NAME)";
				SWIFT_EMIT_LOC_STRINGS = YES;
				SWIFT_VERSION = 5.0;
				TARGETED_DEVICE_FAMILY = "1,2";
			};
			name = Release;
		};
		9FB580E22C7E84E200B0089A /* Debug */ = {
			isa = XCBuildConfiguration;
			buildSettings = {
				ALWAYS_EMBED_SWIFT_STANDARD_LIBRARIES = YES;
				BUNDLE_LOADER = "$(TEST_HOST)";
				CODE_SIGN_STYLE = Automatic;
				CURRENT_PROJECT_VERSION = 1;
				GENERATE_INFOPLIST_FILE = YES;
				IPHONEOS_DEPLOYMENT_TARGET = 17.2;
				MARKETING_VERSION = 1.0;
				PRODUCT_BUNDLE_IDENTIFIER = com.emm.threadsProblemsTests;
				PRODUCT_NAME = "$(TARGET_NAME)";
				SWIFT_EMIT_LOC_STRINGS = NO;
				SWIFT_VERSION = 5.0;
				TARGETED_DEVICE_FAMILY = "1,2";
				TEST_HOST = "$(BUILT_PRODUCTS_DIR)/threadsProblems.app/$(BUNDLE_EXECUTABLE_FOLDER_PATH)/threadsProblems";
			};
			name = Debug;
		};
		9FB580E32C7E84E200B0089A /* Release */ = {
			isa = XCBuildConfiguration;
			buildSettings = {
				ALWAYS_EMBED_SWIFT_STANDARD_LIBRARIES = YES;
				BUNDLE_LOADER = "$(TEST_HOST)";
				CODE_SIGN_STYLE = Automatic;
				CURRENT_PROJECT_VERSION = 1;
				GENERATE_INFOPLIST_FILE = YES;
				IPHONEOS_DEPLOYMENT_TARGET = 17.2;
				MARKETING_VERSION = 1.0;
				PRODUCT_BUNDLE_IDENTIFIER = com.emm.threadsProblemsTests;
				PRODUCT_NAME = "$(TARGET_NAME)";
				SWIFT_EMIT_LOC_STRINGS = NO;
				SWIFT_VERSION = 5.0;
				TARGETED_DEVICE_FAMILY = "1,2";
				TEST_HOST = "$(BUILT_PRODUCTS_DIR)/threadsProblems.app/$(BUNDLE_EXECUTABLE_FOLDER_PATH)/threadsProblems";
			};
			name = Release;
		};
		9FB580E52C7E84E200B0089A /* Debug */ = {
			isa = XCBuildConfiguration;
			buildSettings = {
				ALWAYS_EMBED_SWIFT_STANDARD_LIBRARIES = YES;
				CODE_SIGN_STYLE = Automatic;
				CURRENT_PROJECT_VERSION = 1;
				GENERATE_INFOPLIST_FILE = YES;
				MARKETING_VERSION = 1.0;
				PRODUCT_BUNDLE_IDENTIFIER = com.emm.threadsProblemsUITests;
				PRODUCT_NAME = "$(TARGET_NAME)";
				SWIFT_EMIT_LOC_STRINGS = NO;
				SWIFT_VERSION = 5.0;
				TARGETED_DEVICE_FAMILY = "1,2";
				TEST_TARGET_NAME = threadsProblems;
			};
			name = Debug;
		};
		9FB580E62C7E84E200B0089A /* Release */ = {
			isa = XCBuildConfiguration;
			buildSettings = {
				ALWAYS_EMBED_SWIFT_STANDARD_LIBRARIES = YES;
				CODE_SIGN_STYLE = Automatic;
				CURRENT_PROJECT_VERSION = 1;
				GENERATE_INFOPLIST_FILE = YES;
				MARKETING_VERSION = 1.0;
				PRODUCT_BUNDLE_IDENTIFIER = com.emm.threadsProblemsUITests;
				PRODUCT_NAME = "$(TARGET_NAME)";
				SWIFT_EMIT_LOC_STRINGS = NO;
				SWIFT_VERSION = 5.0;
				TARGETED_DEVICE_FAMILY = "1,2";
				TEST_TARGET_NAME = threadsProblems;
			};
			name = Release;
		};
/* End XCBuildConfiguration section */

/* Begin XCConfigurationList section */
		9FB580AF2C7E84E000B0089A /* Build configuration list for PBXProject "threadsProblems" */ = {
			isa = XCConfigurationList;
			buildConfigurations = (
				9FB580DC2C7E84E200B0089A /* Debug */,
				9FB580DD2C7E84E200B0089A /* Release */,
			);
			defaultConfigurationIsVisible = 0;
			defaultConfigurationName = Release;
		};
		9FB580DE2C7E84E200B0089A /* Build configuration list for PBXNativeTarget "threadsProblems" */ = {
			isa = XCConfigurationList;
			buildConfigurations = (
				9FB580DF2C7E84E200B0089A /* Debug */,
				9FB580E02C7E84E200B0089A /* Release */,
			);
			defaultConfigurationIsVisible = 0;
			defaultConfigurationName = Release;
		};
		9FB580E12C7E84E200B0089A /* Build configuration list for PBXNativeTarget "threadsProblemsTests" */ = {
			isa = XCConfigurationList;
			buildConfigurations = (
				9FB580E22C7E84E200B0089A /* Debug */,
				9FB580E32C7E84E200B0089A /* Release */,
			);
			defaultConfigurationIsVisible = 0;
			defaultConfigurationName = Release;
		};
		9FB580E42C7E84E200B0089A /* Build configuration list for PBXNativeTarget "threadsProblemsUITests" */ = {
			isa = XCConfigurationList;
			buildConfigurations = (
				9FB580E52C7E84E200B0089A /* Debug */,
				9FB580E62C7E84E200B0089A /* Release */,
			);
			defaultConfigurationIsVisible = 0;
			defaultConfigurationName = Release;
		};
/* End XCConfigurationList section */
	};
	rootObject = 9FB580AC2C7E84E000B0089A /* Project object */;
}
